%{"distillery": {:hex, :distillery, "1.4.1", "546d851bf27ae8fe0727e10e4fc4e146ad836eecee138263a60431e688044ed3", [], [], "hexpm"},
  "nerves": {:hex, :nerves, "0.7.1", "2de3f2a7d05a6748d8fc1db6c64639b103185ebfa551a2516f9acfeb6177dae5", [:mix], [{:distillery, "~> 1.4", [hex: :distillery, repo: "hexpm", optional: false]}], "hexpm"},
  "nerves_system_br": {:hex, :nerves_system_br, "0.13.3", "e5baa39be76646437a8e917e8bf1b3d41f6ef637c2806b500dade9aabdc9ae81", [:mix], [], "hexpm"},
  "nerves_toolchain_ctng": {:hex, :nerves_toolchain_ctng, "0.9.0", "825b2b5bbacc3ad20c8513baafd44978616d5b451e6e052cdb727be81e7cdcac", [:mix], []},
  "nerves_toolchain_x86_64_unknown_linux_gnu": {:hex, :nerves_toolchain_x86_64_unknown_linux_gnu, "0.10.0", "9075881fc7f051a3df9272d9bef30a0a232eff8cb341c4a9eb0f32a3531afdaf", [:mix], [{:nerves, "~> 0.4", [hex: :nerves, optional: false]}, {:nerves_toolchain_ctng, "~> 0.9", [hex: :nerves_toolchain_ctng, optional: false]}]}}
